
Microsoft Visual Studio Solution File, Format Version 12.00
# Visual Studio Version 16
VisualStudioVersion = 16.0.30114.105
MinimumVisualStudioVersion = 10.0.40219.1
Project("{FAE04EC0-301F-11D3-BF4B-00C04F79EFBC}") = "API", "API\API.csproj", "{380C9D68-37F3-4A32-B08B-6BFCC1309CC9}"
EndProject
Project("{FAE04EC0-301F-11D3-BF4B-00C04F79EFBC}") = "Core", "Core\Core.csproj", "{A7EAF035-A450-4D2E-8108-457B9A74163B}"
EndProject
Project("{FAE04EC0-301F-11D3-BF4B-00C04F79EFBC}") = "Infrastructure", "Infrastructure\Infrastructure.csproj", "{BAFE72FC-1708-4F57-9AC4-F8AC299A1349}"
EndProject
Global
	GlobalSection(SolutionConfigurationPlatforms) = preSolution
		Debug|Any CPU = Debug|Any CPU
		Release|Any CPU = Release|Any CPU
	EndGlobalSection
	GlobalSection(SolutionProperties) = preSolution
		HideSolutionNode = FALSE
	EndGlobalSection
	GlobalSection(ProjectConfigurationPlatforms) = postSolution
		{380C9D68-37F3-4A32-B08B-6BFCC1309CC9}.Debug|Any CPU.ActiveCfg = Debug|Any CPU
		{380C9D68-37F3-4A32-B08B-6BFCC1309CC9}.Debug|Any CPU.Build.0 = Debug|Any CPU
		{380C9D68-37F3-4A32-B08B-6BFCC1309CC9}.Release|Any CPU.ActiveCfg = Release|Any CPU
		{380C9D68-37F3-4A32-B08B-6BFCC1309CC9}.Release|Any CPU.Build.0 = Release|Any CPU
		{A7EAF035-A450-4D2E-8108-457B9A74163B}.Debug|Any CPU.ActiveCfg = Debug|Any CPU
		{A7EAF035-A450-4D2E-8108-457B9A74163B}.Debug|Any CPU.Build.0 = Debug|Any CPU
		{A7EAF035-A450-4D2E-8108-457B9A74163B}.Release|Any CPU.ActiveCfg = Release|Any CPU
		{A7EAF035-A450-4D2E-8108-457B9A74163B}.Release|Any CPU.Build.0 = Release|Any CPU
		{BAFE72FC-1708-4F57-9AC4-F8AC299A1349}.Debug|Any CPU.ActiveCfg = Debug|Any CPU
		{BAFE72FC-1708-4F57-9AC4-F8AC299A1349}.Debug|Any CPU.Build.0 = Debug|Any CPU
		{BAFE72FC-1708-4F57-9AC4-F8AC299A1349}.Release|Any CPU.ActiveCfg = Release|Any CPU
		{BAFE72FC-1708-4F57-9AC4-F8AC299A1349}.Release|Any CPU.Build.0 = Release|Any CPU
	EndGlobalSection
EndGlobal
